
Microsoft Visual Studio Solution File, Format Version 12.00
# Visual Studio Version 16
VisualStudioVersion = 16.0.30804.86
MinimumVisualStudioVersion = 10.0.40219.1
Project("{FAE04EC0-301F-11D3-BF4B-00C04F79EFBC}") = "Test", "Test\Test.csproj", "{D31879B2-774C-40C9-80FE-637954A1A600}"
EndProject
Project("{FAE04EC0-301F-11D3-BF4B-00C04F79EFBC}") = "Calculator", "Calculator\Calculator.csproj", "{E9ED27BF-509E-4B6E-BC29-C4214057F3B6}"
EndProject
Global
	GlobalSection(SolutionConfigurationPlatforms) = preSolution
		Debug|Any CPU = Debug|Any CPU
		Release|Any CPU = Release|Any CPU
	EndGlobalSection
	GlobalSection(ProjectConfigurationPlatforms) = postSolution
		{D31879B2-774C-40C9-80FE-637954A1A600}.Debug|Any CPU.ActiveCfg = Debug|Any CPU
		{D31879B2-774C-40C9-80FE-637954A1A600}.Debug|Any CPU.Build.0 = Debug|Any CPU
		{D31879B2-774C-40C9-80FE-637954A1A600}.Release|Any CPU.ActiveCfg = Release|Any CPU
		{D31879B2-774C-40C9-80FE-637954A1A600}.Release|Any CPU.Build.0 = Release|Any CPU
		{E9ED27BF-509E-4B6E-BC29-C4214057F3B6}.Debug|Any CPU.ActiveCfg = Debug|Any CPU
		{E9ED27BF-509E-4B6E-BC29-C4214057F3B6}.Debug|Any CPU.Build.0 = Debug|Any CPU
		{E9ED27BF-509E-4B6E-BC29-C4214057F3B6}.Release|Any CPU.ActiveCfg = Release|Any CPU
		{E9ED27BF-509E-4B6E-BC29-C4214057F3B6}.Release|Any CPU.Build.0 = Release|Any CPU
	EndGlobalSection
	GlobalSection(SolutionProperties) = preSolution
		HideSolutionNode = FALSE
	EndGlobalSection
	GlobalSection(ExtensibilityGlobals) = postSolution
		SolutionGuid = {65C8B103-8E88-44E8-94DA-D7B08C40FE44}
	EndGlobalSection
EndGlobal
